
Microsoft Visual Studio Solution File, Format Version 12.00
# Visual Studio Version 16
VisualStudioVersion = 16.0.29728.190
MinimumVisualStudioVersion = 10.0.40219.1
Project("{FAE04EC0-301F-11D3-BF4B-00C04F79EFBC}") = "TwitterRobotApp", "TwitterRobotApp\TwitterRobotApp.csproj", "{7BEB9873-623E-4B86-A492-E013F5287509}"
EndProject
Global
	GlobalSection(SolutionConfigurationPlatforms) = preSolution
		Debug|Any CPU = Debug|Any CPU
		Release|Any CPU = Release|Any CPU
	EndGlobalSection
	GlobalSection(ProjectConfigurationPlatforms) = postSolution
		{7BEB9873-623E-4B86-A492-E013F5287509}.Debug|Any CPU.ActiveCfg = Debug|Any CPU
		{7BEB9873-623E-4B86-A492-E013F5287509}.Debug|Any CPU.Build.0 = Debug|Any CPU
		{7BEB9873-623E-4B86-A492-E013F5287509}.Release|Any CPU.ActiveCfg = Release|Any CPU
		{7BEB9873-623E-4B86-A492-E013F5287509}.Release|Any CPU.Build.0 = Release|Any CPU
	EndGlobalSection
	GlobalSection(SolutionProperties) = preSolution
		HideSolutionNode = FALSE
	EndGlobalSection
	GlobalSection(ExtensibilityGlobals) = postSolution
		SolutionGuid = {368E2C53-F3D1-4617-9E6C-33CBE00A1B94}
	EndGlobalSection
EndGlobal
